
Microsoft Visual Studio Solution File, Format Version 12.00
# Visual Studio Version 17
VisualStudioVersion = 17.11.35222.181
MinimumVisualStudioVersion = 10.0.40219.1
Project("{FAE04EC0-301F-11D3-BF4B-00C04F79EFBC}") = "ConsoleApp12", "ConsoleApp12.csproj", "{EFAD0025-DBF6-4224-BA5B-BF7D4F31D0B8}"
EndProject
Project("{FAE04EC0-301F-11D3-BF4B-00C04F79EFBC}") = "lr12", "..\lr12\lr12.csproj", "{3F42F08E-2DF9-481B-9043-8EC66097DD1F}"
EndProject
Global
	GlobalSection(SolutionConfigurationPlatforms) = preSolution
		Debug|Any CPU = Debug|Any CPU
		Release|Any CPU = Release|Any CPU
	EndGlobalSection
	GlobalSection(ProjectConfigurationPlatforms) = postSolution
		{EFAD0025-DBF6-4224-BA5B-BF7D4F31D0B8}.Debug|Any CPU.ActiveCfg = Debug|Any CPU
		{EFAD0025-DBF6-4224-BA5B-BF7D4F31D0B8}.Debug|Any CPU.Build.0 = Debug|Any CPU
		{EFAD0025-DBF6-4224-BA5B-BF7D4F31D0B8}.Release|Any CPU.ActiveCfg = Release|Any CPU
		{EFAD0025-DBF6-4224-BA5B-BF7D4F31D0B8}.Release|Any CPU.Build.0 = Release|Any CPU
		{3F42F08E-2DF9-481B-9043-8EC66097DD1F}.Debug|Any CPU.ActiveCfg = Debug|Any CPU
		{3F42F08E-2DF9-481B-9043-8EC66097DD1F}.Debug|Any CPU.Build.0 = Debug|Any CPU
		{3F42F08E-2DF9-481B-9043-8EC66097DD1F}.Release|Any CPU.ActiveCfg = Release|Any CPU
		{3F42F08E-2DF9-481B-9043-8EC66097DD1F}.Release|Any CPU.Build.0 = Release|Any CPU
	EndGlobalSection
	GlobalSection(SolutionProperties) = preSolution
		HideSolutionNode = FALSE
	EndGlobalSection
	GlobalSection(ExtensibilityGlobals) = postSolution
		SolutionGuid = {CCB04DCB-9379-4828-8C59-322880FD6747}
	EndGlobalSection
EndGlobal
